
Microsoft Visual Studio Solution File, Format Version 12.00
# Visual Studio Version 17
VisualStudioVersion = 17.6.33815.320
MinimumVisualStudioVersion = 10.0.40219.1
Project("{FAE04EC0-301F-11D3-BF4B-00C04F79EFBC}") = "Exercise8(2)", "Exercise8(2)\Exercise8(2).csproj", "{EC90B41F-66DE-46AE-9BA0-196B39D53EF1}"
EndProject
Global
	GlobalSection(SolutionConfigurationPlatforms) = preSolution
		Debug|Any CPU = Debug|Any CPU
		Release|Any CPU = Release|Any CPU
	EndGlobalSection
	GlobalSection(ProjectConfigurationPlatforms) = postSolution
		{EC90B41F-66DE-46AE-9BA0-196B39D53EF1}.Debug|Any CPU.ActiveCfg = Debug|Any CPU
		{EC90B41F-66DE-46AE-9BA0-196B39D53EF1}.Debug|Any CPU.Build.0 = Debug|Any CPU
		{EC90B41F-66DE-46AE-9BA0-196B39D53EF1}.Release|Any CPU.ActiveCfg = Release|Any CPU
		{EC90B41F-66DE-46AE-9BA0-196B39D53EF1}.Release|Any CPU.Build.0 = Release|Any CPU
	EndGlobalSection
	GlobalSection(SolutionProperties) = preSolution
		HideSolutionNode = FALSE
	EndGlobalSection
	GlobalSection(ExtensibilityGlobals) = postSolution
		SolutionGuid = {3FCE44BF-EBAA-46CE-A46C-9C4869024FE1}
	EndGlobalSection
EndGlobal
